// !$*UTF8*$!
{
	archiveVersion = 1;
	classes = {
	};
	objectVersion = 46;
	objects = {

/* Begin PBXAggregateTarget section */
		89DC06692225F5180025550B /* Lint */ = {
			isa = PBXAggregateTarget;
			buildConfigurationList = 89DC066A2225F5180025550B /* Build configuration list for PBXAggregateTarget "Lint" */;
			buildPhases = (
				89DC066D2225F5300025550B /* ShellScript */,
			);
			dependencies = (
			);
			name = Lint;
			productName = Lint;
		};
/* End PBXAggregateTarget section */

/* Begin PBXBuildFile section */
		89D6B45C18C91F0C006465EC /* Cocoa.framework in Frameworks */ = {isa = PBXBuildFile; fileRef = 89D6B45B18C91F0C006465EC /* Cocoa.framework */; };
		89D6B46618C91F0C006465EC /* InfoPlist.strings in Resources */ = {isa = PBXBuildFile; fileRef = 89D6B46418C91F0C006465EC /* InfoPlist.strings */; };
		89D6B46818C91F0C006465EC /* main.m in Sources */ = {isa = PBXBuildFile; fileRef = 89D6B46718C91F0C006465EC /* main.m */; };
		89D6B46C18C91F0C006465EC /* Credits.rtf in Resources */ = {isa = PBXBuildFile; fileRef = 89D6B46A18C91F0C006465EC /* Credits.rtf */; };
		89D6B46F18C91F0C006465EC /* LNCaptureAppDelegate.m in Sources */ = {isa = PBXBuildFile; fileRef = 89D6B46E18C91F0C006465EC /* LNCaptureAppDelegate.m */; };
		89D6B47218C91F0C006465EC /* MainMenu.xib in Resources */ = {isa = PBXBuildFile; fileRef = 89D6B47018C91F0C006465EC /* MainMenu.xib */; };
		89D6B47418C91F0C006465EC /* Images.xcassets in Resources */ = {isa = PBXBuildFile; fileRef = 89D6B47318C91F0C006465EC /* Images.xcassets */; };
		89D6B47B18C91F0C006465EC /* XCTest.framework in Frameworks */ = {isa = PBXBuildFile; fileRef = 89D6B47A18C91F0C006465EC /* XCTest.framework */; };
		89D6B47C18C91F0C006465EC /* Cocoa.framework in Frameworks */ = {isa = PBXBuildFile; fileRef = 89D6B45B18C91F0C006465EC /* Cocoa.framework */; };
		89D6B48418C91F0C006465EC /* InfoPlist.strings in Resources */ = {isa = PBXBuildFile; fileRef = 89D6B48218C91F0C006465EC /* InfoPlist.strings */; };
		89D6B48618C91F0C006465EC /* Screen_CaptureTests.m in Sources */ = {isa = PBXBuildFile; fileRef = 89D6B48518C91F0C006465EC /* Screen_CaptureTests.m */; };
		89D6B49318C9224F006465EC /* LNCaptureWindowController.m in Sources */ = {isa = PBXBuildFile; fileRef = 89D6B49118C9224F006465EC /* LNCaptureWindowController.m */; };
		89D6B49418C9224F006465EC /* LNCaptureWindowController.xib in Resources */ = {isa = PBXBuildFile; fileRef = 89D6B49218C9224F006465EC /* LNCaptureWindowController.xib */; };
		89D6B49718C923F2006465EC /* LNCapturePanel.m in Sources */ = {isa = PBXBuildFile; fileRef = 89D6B49618C923F2006465EC /* LNCapturePanel.m */; };
		89DC06512224AA0C0025550B /* QuartzCore.framework in Frameworks */ = {isa = PBXBuildFile; fileRef = 89DC06502224AA0B0025550B /* QuartzCore.framework */; };
		89DC06562224AAE70025550B /* LNVideoControlsViewController.m in Sources */ = {isa = PBXBuildFile; fileRef = 89DC06542224AAE70025550B /* LNVideoControlsViewController.m */; };
		89DC06572224AAE70025550B /* LNVideoControlsViewController.xib in Resources */ = {isa = PBXBuildFile; fileRef = 89DC06552224AAE70025550B /* LNVideoControlsViewController.xib */; };
		89DC065A2224AC3C0025550B /* LNResizeHandle.m in Sources */ = {isa = PBXBuildFile; fileRef = 89DC06592224AC3C0025550B /* LNResizeHandle.m */; };
		89DC065E2224AD120025550B /* NSBezierPath+LNExtensions.m in Sources */ = {isa = PBXBuildFile; fileRef = 89DC065D2224AD120025550B /* NSBezierPath+LNExtensions.m */; };
		89DC06622225C4B10025550B /* LNControlsView.m in Sources */ = {isa = PBXBuildFile; fileRef = 89DC06612225C4B10025550B /* LNControlsView.m */; };
		89DC06652225D7E80025550B /* LNCaptureSessionOptions.m in Sources */ = {isa = PBXBuildFile; fileRef = 89DC06642225D7E80025550B /* LNCaptureSessionOptions.m */; };
		89DC06682225EB9A0025550B /* LNCaptureSession.m in Sources */ = {isa = PBXBuildFile; fileRef = 89DC06672225EB9A0025550B /* LNCaptureSession.m */; };
		89FA814618C939EC00AE95B3 /* AVFoundation.framework in Frameworks */ = {isa = PBXBuildFile; fileRef = 89FA814518C939EC00AE95B3 /* AVFoundation.framework */; };
		89FA814918C9467700AE95B3 /* LNGIFConverter.m in Sources */ = {isa = PBXBuildFile; fileRef = 89FA814818C9467700AE95B3 /* LNGIFConverter.m */; };
		89FA814B18C94B0D00AE95B3 /* CoreMedia.framework in Frameworks */ = {isa = PBXBuildFile; fileRef = 89FA814A18C94B0D00AE95B3 /* CoreMedia.framework */; };
		89FA815A18CA5B0000AE95B3 /* LNCaptureButtonCell.m in Sources */ = {isa = PBXBuildFile; fileRef = 89FA815918CA5B0000AE95B3 /* LNCaptureButtonCell.m */; };
		89FA815E18CA949900AE95B3 /* LNOverlayView.m in Sources */ = {isa = PBXBuildFile; fileRef = 89FA815D18CA949900AE95B3 /* LNOverlayView.m */; };
/* End PBXBuildFile section */

/* Begin PBXContainerItemProxy section */
		89D6B47D18C91F0C006465EC /* PBXContainerItemProxy */ = {
			isa = PBXContainerItemProxy;
			containerPortal = 89D6B45018C91F0C006465EC /* Project object */;
			proxyType = 1;
			remoteGlobalIDString = 89D6B45718C91F0C006465EC;
			remoteInfo = "Screen Capture";
		};
/* End PBXContainerItemProxy section */

/* Begin PBXFileReference section */
		89D6B45818C91F0C006465EC /* Screen Capture.app */ = {isa = PBXFileReference; explicitFileType = wrapper.application; includeInIndex = 0; path = "Screen Capture.app"; sourceTree = BUILT_PRODUCTS_DIR; };
		89D6B45B18C91F0C006465EC /* Cocoa.framework */ = {isa = PBXFileReference; lastKnownFileType = wrapper.framework; name = Cocoa.framework; path = System/Library/Frameworks/Cocoa.framework; sourceTree = SDKROOT; };
		89D6B45E18C91F0C006465EC /* AppKit.framework */ = {isa = PBXFileReference; lastKnownFileType = wrapper.framework; name = AppKit.framework; path = System/Library/Frameworks/AppKit.framework; sourceTree = SDKROOT; };
		89D6B45F18C91F0C006465EC /* CoreData.framework */ = {isa = PBXFileReference; lastKnownFileType = wrapper.framework; name = CoreData.framework; path = System/Library/Frameworks/CoreData.framework; sourceTree = SDKROOT; };
		89D6B46018C91F0C006465EC /* Foundation.framework */ = {isa = PBXFileReference; lastKnownFileType = wrapper.framework; name = Foundation.framework; path = System/Library/Frameworks/Foundation.framework; sourceTree = SDKROOT; };
		89D6B46318C91F0C006465EC /* Screen Capture-Info.plist */ = {isa = PBXFileReference; lastKnownFileType = text.plist.xml; path = "Screen Capture-Info.plist"; sourceTree = "<group>"; };
		89D6B46518C91F0C006465EC /* en */ = {isa = PBXFileReference; lastKnownFileType = text.plist.strings; name = en; path = en.lproj/InfoPlist.strings; sourceTree = "<group>"; };
		89D6B46718C91F0C006465EC /* main.m */ = {isa = PBXFileReference; lastKnownFileType = sourcecode.c.objc; path = main.m; sourceTree = "<group>"; };
		89D6B46918C91F0C006465EC /* Screen Capture-Prefix.pch */ = {isa = PBXFileReference; lastKnownFileType = sourcecode.c.h; path = "Screen Capture-Prefix.pch"; sourceTree = "<group>"; };
		89D6B46B18C91F0C006465EC /* en */ = {isa = PBXFileReference; lastKnownFileType = text.rtf; name = en; path = en.lproj/Credits.rtf; sourceTree = "<group>"; };
		89D6B46D18C91F0C006465EC /* LNCaptureAppDelegate.h */ = {isa = PBXFileReference; lastKnownFileType = sourcecode.c.h; path = LNCaptureAppDelegate.h; sourceTree = "<group>"; };
		89D6B46E18C91F0C006465EC /* LNCaptureAppDelegate.m */ = {isa = PBXFileReference; lastKnownFileType = sourcecode.c.objc; path = LNCaptureAppDelegate.m; sourceTree = "<group>"; };
		89D6B47118C91F0C006465EC /* Base */ = {isa = PBXFileReference; lastKnownFileType = file.xib; name = Base; path = Base.lproj/MainMenu.xib; sourceTree = "<group>"; };
		89D6B47318C91F0C006465EC /* Images.xcassets */ = {isa = PBXFileReference; lastKnownFileType = folder.assetcatalog; path = Images.xcassets; sourceTree = "<group>"; };
		89D6B47918C91F0C006465EC /* Screen CaptureTests.xctest */ = {isa = PBXFileReference; explicitFileType = wrapper.cfbundle; includeInIndex = 0; path = "Screen CaptureTests.xctest"; sourceTree = BUILT_PRODUCTS_DIR; };
		89D6B47A18C91F0C006465EC /* XCTest.framework */ = {isa = PBXFileReference; lastKnownFileType = wrapper.framework; name = XCTest.framework; path = Library/Frameworks/XCTest.framework; sourceTree = DEVELOPER_DIR; };
		89D6B48118C91F0C006465EC /* Screen CaptureTests-Info.plist */ = {isa = PBXFileReference; lastKnownFileType = text.plist.xml; path = "Screen CaptureTests-Info.plist"; sourceTree = "<group>"; };
		89D6B48318C91F0C006465EC /* en */ = {isa = PBXFileReference; lastKnownFileType = text.plist.strings; name = en; path = en.lproj/InfoPlist.strings; sourceTree = "<group>"; };
		89D6B48518C91F0C006465EC /* Screen_CaptureTests.m */ = {isa = PBXFileReference; lastKnownFileType = sourcecode.c.objc; path = Screen_CaptureTests.m; sourceTree = "<group>"; };
		89D6B49018C9224F006465EC /* LNCaptureWindowController.h */ = {isa = PBXFileReference; fileEncoding = 4; lastKnownFileType = sourcecode.c.h; path = LNCaptureWindowController.h; sourceTree = "<group>"; };
		89D6B49118C9224F006465EC /* LNCaptureWindowController.m */ = {isa = PBXFileReference; fileEncoding = 4; lastKnownFileType = sourcecode.c.objc; path = LNCaptureWindowController.m; sourceTree = "<group>"; };
		89D6B49218C9224F006465EC /* LNCaptureWindowController.xib */ = {isa = PBXFileReference; fileEncoding = 4; lastKnownFileType = file.xib; path = LNCaptureWindowController.xib; sourceTree = "<group>"; };
		89D6B49518C923F2006465EC /* LNCapturePanel.h */ = {isa = PBXFileReference; fileEncoding = 4; lastKnownFileType = sourcecode.c.h; path = LNCapturePanel.h; sourceTree = "<group>"; };
		89D6B49618C923F2006465EC /* LNCapturePanel.m */ = {isa = PBXFileReference; fileEncoding = 4; lastKnownFileType = sourcecode.c.objc; path = LNCapturePanel.m; sourceTree = "<group>"; };
		89DC06502224AA0B0025550B /* QuartzCore.framework */ = {isa = PBXFileReference; lastKnownFileType = wrapper.framework; name = QuartzCore.framework; path = System/Library/Frameworks/QuartzCore.framework; sourceTree = SDKROOT; };
		89DC06532224AAE70025550B /* LNVideoControlsViewController.h */ = {isa = PBXFileReference; lastKnownFileType = sourcecode.c.h; path = LNVideoControlsViewController.h; sourceTree = "<group>"; };
		89DC06542224AAE70025550B /* LNVideoControlsViewController.m */ = {isa = PBXFileReference; lastKnownFileType = sourcecode.c.objc; path = LNVideoControlsViewController.m; sourceTree = "<group>"; };
		89DC06552224AAE70025550B /* LNVideoControlsViewController.xib */ = {isa = PBXFileReference; lastKnownFileType = file.xib; path = LNVideoControlsViewController.xib; sourceTree = "<group>"; };
		89DC06582224AC3C0025550B /* LNResizeHandle.h */ = {isa = PBXFileReference; lastKnownFileType = sourcecode.c.h; path = LNResizeHandle.h; sourceTree = "<group>"; };
		89DC06592224AC3C0025550B /* LNResizeHandle.m */ = {isa = PBXFileReference; lastKnownFileType = sourcecode.c.objc; path = LNResizeHandle.m; sourceTree = "<group>"; };
		89DC065C2224AD120025550B /* NSBezierPath+LNExtensions.h */ = {isa = PBXFileReference; lastKnownFileType = sourcecode.c.h; path = "NSBezierPath+LNExtensions.h"; sourceTree = "<group>"; };
		89DC065D2224AD120025550B /* NSBezierPath+LNExtensions.m */ = {isa = PBXFileReference; lastKnownFileType = sourcecode.c.objc; path = "NSBezierPath+LNExtensions.m"; sourceTree = "<group>"; };
		89DC06602225C4B10025550B /* LNControlsView.h */ = {isa = PBXFileReference; lastKnownFileType = sourcecode.c.h; path = LNControlsView.h; sourceTree = "<group>"; };
		89DC06612225C4B10025550B /* LNControlsView.m */ = {isa = PBXFileReference; lastKnownFileType = sourcecode.c.objc; path = LNControlsView.m; sourceTree = "<group>"; };
		89DC06632225D7E70025550B /* LNCaptureSessionOptions.h */ = {isa = PBXFileReference; lastKnownFileType = sourcecode.c.h; path = LNCaptureSessionOptions.h; sourceTree = "<group>"; };
		89DC06642225D7E80025550B /* LNCaptureSessionOptions.m */ = {isa = PBXFileReference; lastKnownFileType = sourcecode.c.objc; path = LNCaptureSessionOptions.m; sourceTree = "<group>"; };
		89DC06662225EB9A0025550B /* LNCaptureSession.h */ = {isa = PBXFileReference; lastKnownFileType = sourcecode.c.h; path = LNCaptureSession.h; sourceTree = "<group>"; };
		89DC06672225EB9A0025550B /* LNCaptureSession.m */ = {isa = PBXFileReference; lastKnownFileType = sourcecode.c.objc; path = LNCaptureSession.m; sourceTree = "<group>"; };
		89FA814518C939EC00AE95B3 /* AVFoundation.framework */ = {isa = PBXFileReference; lastKnownFileType = wrapper.framework; name = AVFoundation.framework; path = System/Library/Frameworks/AVFoundation.framework; sourceTree = SDKROOT; };
		89FA814718C9467700AE95B3 /* LNGIFConverter.h */ = {isa = PBXFileReference; fileEncoding = 4; lastKnownFileType = sourcecode.c.h; path = LNGIFConverter.h; sourceTree = "<group>"; };
		89FA814818C9467700AE95B3 /* LNGIFConverter.m */ = {isa = PBXFileReference; fileEncoding = 4; lastKnownFileType = sourcecode.c.objc; path = LNGIFConverter.m; sourceTree = "<group>"; };
		89FA814A18C94B0D00AE95B3 /* CoreMedia.framework */ = {isa = PBXFileReference; lastKnownFileType = wrapper.framework; name = CoreMedia.framework; path = System/Library/Frameworks/CoreMedia.framework; sourceTree = SDKROOT; };
		89FA815818CA5B0000AE95B3 /* LNCaptureButtonCell.h */ = {isa = PBXFileReference; fileEncoding = 4; lastKnownFileType = sourcecode.c.h; path = LNCaptureButtonCell.h; sourceTree = "<group>"; };
		89FA815918CA5B0000AE95B3 /* LNCaptureButtonCell.m */ = {isa = PBXFileReference; fileEncoding = 4; lastKnownFileType = sourcecode.c.objc; path = LNCaptureButtonCell.m; sourceTree = "<group>"; };
		89FA815C18CA949900AE95B3 /* LNOverlayView.h */ = {isa = PBXFileReference; fileEncoding = 4; lastKnownFileType = sourcecode.c.h; path = LNOverlayView.h; sourceTree = "<group>"; };
		89FA815D18CA949900AE95B3 /* LNOverlayView.m */ = {isa = PBXFileReference; fileEncoding = 4; lastKnownFileType = sourcecode.c.objc; path = LNOverlayView.m; sourceTree = "<group>"; };
/* End PBXFileReference section */

/* Begin PBXFrameworksBuildPhase section */
		89D6B45518C91F0C006465EC /* Frameworks */ = {
			isa = PBXFrameworksBuildPhase;
			buildActionMask = 2147483647;
			files = (
				89DC06512224AA0C0025550B /* QuartzCore.framework in Frameworks */,
				89FA814B18C94B0D00AE95B3 /* CoreMedia.framework in Frameworks */,
				89FA814618C939EC00AE95B3 /* AVFoundation.framework in Frameworks */,
				89D6B45C18C91F0C006465EC /* Cocoa.framework in Frameworks */,
			);
			runOnlyForDeploymentPostprocessing = 0;
		};
		89D6B47618C91F0C006465EC /* Frameworks */ = {
			isa = PBXFrameworksBuildPhase;
			buildActionMask = 2147483647;
			files = (
				89D6B47C18C91F0C006465EC /* Cocoa.framework in Frameworks */,
				89D6B47B18C91F0C006465EC /* XCTest.framework in Frameworks */,
			);
			runOnlyForDeploymentPostprocessing = 0;
		};
/* End PBXFrameworksBuildPhase section */

/* Begin PBXGroup section */
		89D6B44F18C91F0C006465EC = {
			isa = PBXGroup;
			children = (
				89D6B46118C91F0C006465EC /* Screen Capture */,
				89D6B47F18C91F0C006465EC /* Screen CaptureTests */,
				89D6B45A18C91F0C006465EC /* Frameworks */,
				89D6B45918C91F0C006465EC /* Products */,
			);
			sourceTree = "<group>";
		};
		89D6B45918C91F0C006465EC /* Products */ = {
			isa = PBXGroup;
			children = (
				89D6B45818C91F0C006465EC /* Screen Capture.app */,
				89D6B47918C91F0C006465EC /* Screen CaptureTests.xctest */,
			);
			name = Products;
			sourceTree = "<group>";
		};
		89D6B45A18C91F0C006465EC /* Frameworks */ = {
			isa = PBXGroup;
			children = (
				89DC06502224AA0B0025550B /* QuartzCore.framework */,
				89FA814A18C94B0D00AE95B3 /* CoreMedia.framework */,
				89FA814518C939EC00AE95B3 /* AVFoundation.framework */,
				89D6B45B18C91F0C006465EC /* Cocoa.framework */,
				89D6B47A18C91F0C006465EC /* XCTest.framework */,
				89D6B45D18C91F0C006465EC /* Other Frameworks */,
			);
			name = Frameworks;
			sourceTree = "<group>";
		};
		89D6B45D18C91F0C006465EC /* Other Frameworks */ = {
			isa = PBXGroup;
			children = (
				89D6B45E18C91F0C006465EC /* AppKit.framework */,
				89D6B45F18C91F0C006465EC /* CoreData.framework */,
				89D6B46018C91F0C006465EC /* Foundation.framework */,
			);
			name = "Other Frameworks";
			sourceTree = "<group>";
		};
		89D6B46118C91F0C006465EC /* Screen Capture */ = {
			isa = PBXGroup;
			children = (
				89DC065F2224B8B80025550B /* Resources */,
				89D6B48F18C91F15006465EC /* Classes */,
				89D6B46D18C91F0C006465EC /* LNCaptureAppDelegate.h */,
				89D6B46E18C91F0C006465EC /* LNCaptureAppDelegate.m */,
				89D6B47018C91F0C006465EC /* MainMenu.xib */,
				89D6B47318C91F0C006465EC /* Images.xcassets */,
				89D6B46218C91F0C006465EC /* Supporting Files */,
			);
			path = "Screen Capture";
			sourceTree = "<group>";
		};
		89D6B46218C91F0C006465EC /* Supporting Files */ = {
			isa = PBXGroup;
			children = (
				89D6B46318C91F0C006465EC /* Screen Capture-Info.plist */,
				89D6B46418C91F0C006465EC /* InfoPlist.strings */,
				89D6B46718C91F0C006465EC /* main.m */,
				89D6B46918C91F0C006465EC /* Screen Capture-Prefix.pch */,
				89D6B46A18C91F0C006465EC /* Credits.rtf */,
			);
			name = "Supporting Files";
			sourceTree = "<group>";
		};
		89D6B47F18C91F0C006465EC /* Screen CaptureTests */ = {
			isa = PBXGroup;
			children = (
				89D6B48518C91F0C006465EC /* Screen_CaptureTests.m */,
				89D6B48018C91F0C006465EC /* Supporting Files */,
			);
			path = "Screen CaptureTests";
			sourceTree = "<group>";
		};
		89D6B48018C91F0C006465EC /* Supporting Files */ = {
			isa = PBXGroup;
			children = (
				89D6B48118C91F0C006465EC /* Screen CaptureTests-Info.plist */,
				89D6B48218C91F0C006465EC /* InfoPlist.strings */,
			);
			name = "Supporting Files";
			sourceTree = "<group>";
		};
		89D6B48F18C91F15006465EC /* Classes */ = {
			isa = PBXGroup;
			children = (
				89DC065B2224ACFC0025550B /* Extensions */,
				89DC06522224AAB10025550B /* Controls */,
				89FA815B18CA6A8200AE95B3 /* Overlay */,
				89FA814D18CA562900AE95B3 /* Converting */,
				89FA814C18CA561800AE95B3 /* Capture */,
			);
			name = Classes;
			sourceTree = "<group>";
		};
		89DC06522224AAB10025550B /* Controls */ = {
			isa = PBXGroup;
			children = (
				89DC06532224AAE70025550B /* LNVideoControlsViewController.h */,
				89DC06542224AAE70025550B /* LNVideoControlsViewController.m */,
				89DC06552224AAE70025550B /* LNVideoControlsViewController.xib */,
				89DC06602225C4B10025550B /* LNControlsView.h */,
				89DC06612225C4B10025550B /* LNControlsView.m */,
			);
			name = Controls;
			sourceTree = "<group>";
		};
		89DC065B2224ACFC0025550B /* Extensions */ = {
			isa = PBXGroup;
			children = (
				89DC065C2224AD120025550B /* NSBezierPath+LNExtensions.h */,
				89DC065D2224AD120025550B /* NSBezierPath+LNExtensions.m */,
			);
			name = Extensions;
			sourceTree = "<group>";
		};
		89DC065F2224B8B80025550B /* Resources */ = {
			isa = PBXGroup;
			children = (
			);
			name = Resources;
			sourceTree = "<group>";
		};
		89FA814C18CA561800AE95B3 /* Capture */ = {
			isa = PBXGroup;
			children = (
				89D6B49018C9224F006465EC /* LNCaptureWindowController.h */,
				89D6B49118C9224F006465EC /* LNCaptureWindowController.m */,
				89D6B49218C9224F006465EC /* LNCaptureWindowController.xib */,
				89D6B49518C923F2006465EC /* LNCapturePanel.h */,
				89D6B49618C923F2006465EC /* LNCapturePanel.m */,
				89FA815818CA5B0000AE95B3 /* LNCaptureButtonCell.h */,
				89FA815918CA5B0000AE95B3 /* LNCaptureButtonCell.m */,
				89DC06582224AC3C0025550B /* LNResizeHandle.h */,
				89DC06592224AC3C0025550B /* LNResizeHandle.m */,
				89DC06632225D7E70025550B /* LNCaptureSessionOptions.h */,
				89DC06642225D7E80025550B /* LNCaptureSessionOptions.m */,
				89DC06662225EB9A0025550B /* LNCaptureSession.h */,
				89DC06672225EB9A0025550B /* LNCaptureSession.m */,
			);
			name = Capture;
			sourceTree = "<group>";
		};
		89FA814D18CA562900AE95B3 /* Converting */ = {
			isa = PBXGroup;
			children = (
				89FA814718C9467700AE95B3 /* LNGIFConverter.h */,
				89FA814818C9467700AE95B3 /* LNGIFConverter.m */,
			);
			name = Converting;
			sourceTree = "<group>";
		};
		89FA815B18CA6A8200AE95B3 /* Overlay */ = {
			isa = PBXGroup;
			children = (
				89FA815C18CA949900AE95B3 /* LNOverlayView.h */,
				89FA815D18CA949900AE95B3 /* LNOverlayView.m */,
			);
			name = Overlay;
			sourceTree = "<group>";
		};
/* End PBXGroup section */

/* Begin PBXNativeTarget section */
		89D6B45718C91F0C006465EC /* Screen Capture */ = {
			isa = PBXNativeTarget;
			buildConfigurationList = 89D6B48918C91F0C006465EC /* Build configuration list for PBXNativeTarget "Screen Capture" */;
			buildPhases = (
				89D6B45418C91F0C006465EC /* Sources */,
				89D6B45518C91F0C006465EC /* Frameworks */,
				89D6B45618C91F0C006465EC /* Resources */,
			);
			buildRules = (
			);
			dependencies = (
			);
			name = "Screen Capture";
			productName = "Screen Capture";
			productReference = 89D6B45818C91F0C006465EC /* Screen Capture.app */;
			productType = "com.apple.product-type.application";
		};
		89D6B47818C91F0C006465EC /* Screen CaptureTests */ = {
			isa = PBXNativeTarget;
			buildConfigurationList = 89D6B48C18C91F0C006465EC /* Build configuration list for PBXNativeTarget "Screen CaptureTests" */;
			buildPhases = (
				89D6B47518C91F0C006465EC /* Sources */,
				89D6B47618C91F0C006465EC /* Frameworks */,
				89D6B47718C91F0C006465EC /* Resources */,
			);
			buildRules = (
			);
			dependencies = (
				89D6B47E18C91F0C006465EC /* PBXTargetDependency */,
			);
			name = "Screen CaptureTests";
			productName = "Screen CaptureTests";
			productReference = 89D6B47918C91F0C006465EC /* Screen CaptureTests.xctest */;
			productType = "com.apple.product-type.bundle.unit-test";
		};
/* End PBXNativeTarget section */

/* Begin PBXProject section */
		89D6B45018C91F0C006465EC /* Project object */ = {
			isa = PBXProject;
			attributes = {
				CLASSPREFIX = LN;
				LastUpgradeCheck = 0500;
				ORGANIZATIONNAME = "Levi Nunnink";
				TargetAttributes = {
					89D6B47818C91F0C006465EC = {
						TestTargetID = 89D6B45718C91F0C006465EC;
					};
					89DC06692225F5180025550B = {
						CreatedOnToolsVersion = 10.0;
						DevelopmentTeam = MZ25PHMY7Y;
						ProvisioningStyle = Automatic;
					};
				};
			};
			buildConfigurationList = 89D6B45318C91F0C006465EC /* Build configuration list for PBXProject "Screen Capture" */;
			compatibilityVersion = "Xcode 3.2";
			developmentRegion = English;
			hasScannedForEncodings = 0;
			knownRegions = (
				en,
				Base,
			);
			mainGroup = 89D6B44F18C91F0C006465EC;
			productRefGroup = 89D6B45918C91F0C006465EC /* Products */;
			projectDirPath = "";
			projectRoot = "";
			targets = (
				89D6B45718C91F0C006465EC /* Screen Capture */,
				89D6B47818C91F0C006465EC /* Screen CaptureTests */,
				89DC06692225F5180025550B /* Lint */,
			);
		};
/* End PBXProject section */

/* Begin PBXResourcesBuildPhase section */
		89D6B45618C91F0C006465EC /* Resources */ = {
			isa = PBXResourcesBuildPhase;
			buildActionMask = 2147483647;
			files = (
				89DC06572224AAE70025550B /* LNVideoControlsViewController.xib in Resources */,
				89D6B46618C91F0C006465EC /* InfoPlist.strings in Resources */,
				89D6B47418C91F0C006465EC /* Images.xcassets in Resources */,
				89D6B46C18C91F0C006465EC /* Credits.rtf in Resources */,
				89D6B49418C9224F006465EC /* LNCaptureWindowController.xib in Resources */,
				89D6B47218C91F0C006465EC /* MainMenu.xib in Resources */,
			);
			runOnlyForDeploymentPostprocessing = 0;
		};
		89D6B47718C91F0C006465EC /* Resources */ = {
			isa = PBXResourcesBuildPhase;
			buildActionMask = 2147483647;
			files = (
				89D6B48418C91F0C006465EC /* InfoPlist.strings in Resources */,
			);
			runOnlyForDeploymentPostprocessing = 0;
		};
/* End PBXResourcesBuildPhase section */

/* Begin PBXShellScriptBuildPhase section */
		89DC066D2225F5300025550B /* ShellScript */ = {
			isa = PBXShellScriptBuildPhase;
			buildActionMask = 2147483647;
			files = (
			);
			inputFileListPaths = (
			);
			inputPaths = (
			);
			outputFileListPaths = (
			);
			outputPaths = (
			);
			runOnlyForDeploymentPostprocessing = 0;
			shellPath = /bin/sh;
			shellScript = "source ~/.bash_profile\ncd ${SRCROOT}\nxcodebuild clean\nxcodebuild | xcpretty -r json-compilation-database\noclint-json-compilation-database -- -report-type xcode\n";
		};
/* End PBXShellScriptBuildPhase section */

/* Begin PBXSourcesBuildPhase section */
		89D6B45418C91F0C006465EC /* Sources */ = {
			isa = PBXSourcesBuildPhase;
			buildActionMask = 2147483647;
			files = (
				89DC065A2224AC3C0025550B /* LNResizeHandle.m in Sources */,
				89FA815A18CA5B0000AE95B3 /* LNCaptureButtonCell.m in Sources */,
				89FA815E18CA949900AE95B3 /* LNOverlayView.m in Sources */,
				89DC06622225C4B10025550B /* LNControlsView.m in Sources */,
				89DC06682225EB9A0025550B /* LNCaptureSession.m in Sources */,
				89D6B46F18C91F0C006465EC /* LNCaptureAppDelegate.m in Sources */,
				89D6B49718C923F2006465EC /* LNCapturePanel.m in Sources */,
				89DC06652225D7E80025550B /* LNCaptureSessionOptions.m in Sources */,
				89D6B46818C91F0C006465EC /* main.m in Sources */,
				89D6B49318C9224F006465EC /* LNCaptureWindowController.m in Sources */,
				89DC06562224AAE70025550B /* LNVideoControlsViewController.m in Sources */,
				89DC065E2224AD120025550B /* NSBezierPath+LNExtensions.m in Sources */,
				89FA814918C9467700AE95B3 /* LNGIFConverter.m in Sources */,
			);
			runOnlyForDeploymentPostprocessing = 0;
		};
		89D6B47518C91F0C006465EC /* Sources */ = {
			isa = PBXSourcesBuildPhase;
			buildActionMask = 2147483647;
			files = (
				89D6B48618C91F0C006465EC /* Screen_CaptureTests.m in Sources */,
			);
			runOnlyForDeploymentPostprocessing = 0;
		};
/* End PBXSourcesBuildPhase section */

/* Begin PBXTargetDependency section */
		89D6B47E18C91F0C006465EC /* PBXTargetDependency */ = {
			isa = PBXTargetDependency;
			target = 89D6B45718C91F0C006465EC /* Screen Capture */;
			targetProxy = 89D6B47D18C91F0C006465EC /* PBXContainerItemProxy */;
		};
/* End PBXTargetDependency section */

/* Begin PBXVariantGroup section */
		89D6B46418C91F0C006465EC /* InfoPlist.strings */ = {
			isa = PBXVariantGroup;
			children = (
				89D6B46518C91F0C006465EC /* en */,
			);
			name = InfoPlist.strings;
			sourceTree = "<group>";
		};
		89D6B46A18C91F0C006465EC /* Credits.rtf */ = {
			isa = PBXVariantGroup;
			children = (
				89D6B46B18C91F0C006465EC /* en */,
			);
			name = Credits.rtf;
			sourceTree = "<group>";
		};
		89D6B47018C91F0C006465EC /* MainMenu.xib */ = {
			isa = PBXVariantGroup;
			children = (
				89D6B47118C91F0C006465EC /* Base */,
			);
			name = MainMenu.xib;
			sourceTree = "<group>";
		};
		89D6B48218C91F0C006465EC /* InfoPlist.strings */ = {
			isa = PBXVariantGroup;
			children = (
				89D6B48318C91F0C006465EC /* en */,
			);
			name = InfoPlist.strings;
			sourceTree = "<group>";
		};
/* End PBXVariantGroup section */

/* Begin XCBuildConfiguration section */
		89D6B48718C91F0C006465EC /* Debug */ = {
			isa = XCBuildConfiguration;
			buildSettings = {
				ALWAYS_SEARCH_USER_PATHS = NO;
				CLANG_CXX_LANGUAGE_STANDARD = "gnu++0x";
				CLANG_CXX_LIBRARY = "libc++";
				CLANG_ENABLE_OBJC_ARC = YES;
				CLANG_WARN_BOOL_CONVERSION = YES;
				CLANG_WARN_CONSTANT_CONVERSION = YES;
				CLANG_WARN_DIRECT_OBJC_ISA_USAGE = YES_ERROR;
				CLANG_WARN_EMPTY_BODY = YES;
				CLANG_WARN_ENUM_CONVERSION = YES;
				CLANG_WARN_INT_CONVERSION = YES;
				CLANG_WARN_OBJC_ROOT_CLASS = YES_ERROR;
				CLANG_WARN__DUPLICATE_METHOD_MATCH = YES;
				COPY_PHASE_STRIP = NO;
				GCC_C_LANGUAGE_STANDARD = gnu99;
				GCC_DYNAMIC_NO_PIC = NO;
				GCC_ENABLE_OBJC_EXCEPTIONS = YES;
				GCC_OPTIMIZATION_LEVEL = 0;
				GCC_PREPROCESSOR_DEFINITIONS = (
					"DEBUG=1",
					"$(inherited)",
				);
				GCC_SYMBOLS_PRIVATE_EXTERN = NO;
				GCC_WARN_64_TO_32_BIT_CONVERSION = YES;
				GCC_WARN_ABOUT_RETURN_TYPE = YES_ERROR;
				GCC_WARN_UNDECLARED_SELECTOR = YES;
				GCC_WARN_UNINITIALIZED_AUTOS = YES;
				GCC_WARN_UNUSED_FUNCTION = YES;
				GCC_WARN_UNUSED_VARIABLE = YES;
				MACOSX_DEPLOYMENT_TARGET = 10.9;
				ONLY_ACTIVE_ARCH = YES;
				SDKROOT = macosx;
			};
			name = Debug;
		};
		89D6B48818C91F0C006465EC /* Release */ = {
			isa = XCBuildConfiguration;
			buildSettings = {
				ALWAYS_SEARCH_USER_PATHS = NO;
				CLANG_CXX_LANGUAGE_STANDARD = "gnu++0x";
				CLANG_CXX_LIBRARY = "libc++";
				CLANG_ENABLE_OBJC_ARC = YES;
				CLANG_WARN_BOOL_CONVERSION = YES;
				CLANG_WARN_CONSTANT_CONVERSION = YES;
				CLANG_WARN_DIRECT_OBJC_ISA_USAGE = YES_ERROR;
				CLANG_WARN_EMPTY_BODY = YES;
				CLANG_WARN_ENUM_CONVERSION = YES;
				CLANG_WARN_INT_CONVERSION = YES;
				CLANG_WARN_OBJC_ROOT_CLASS = YES_ERROR;
				CLANG_WARN__DUPLICATE_METHOD_MATCH = YES;
				COPY_PHASE_STRIP = YES;
				DEBUG_INFORMATION_FORMAT = "dwarf-with-dsym";
				ENABLE_NS_ASSERTIONS = NO;
				GCC_C_LANGUAGE_STANDARD = gnu99;
				GCC_ENABLE_OBJC_EXCEPTIONS = YES;
				GCC_WARN_64_TO_32_BIT_CONVERSION = YES;
				GCC_WARN_ABOUT_RETURN_TYPE = YES_ERROR;
				GCC_WARN_UNDECLARED_SELECTOR = YES;
				GCC_WARN_UNINITIALIZED_AUTOS = YES;
				GCC_WARN_UNUSED_FUNCTION = YES;
				GCC_WARN_UNUSED_VARIABLE = YES;
				MACOSX_DEPLOYMENT_TARGET = 10.9;
				SDKROOT = macosx;
			};
			name = Release;
		};
		89D6B48A18C91F0C006465EC /* Debug */ = {
			isa = XCBuildConfiguration;
			buildSettings = {
				ASSETCATALOG_COMPILER_APPICON_NAME = AppIcon;
				COMBINE_HIDPI_IMAGES = YES;
				GCC_PRECOMPILE_PREFIX_HEADER = YES;
				GCC_PREFIX_HEADER = "Screen Capture/Screen Capture-Prefix.pch";
				INFOPLIST_FILE = "Screen Capture/Screen Capture-Info.plist";
				MACOSX_DEPLOYMENT_TARGET = 10.13;
				PRODUCT_NAME = "$(TARGET_NAME)";
				WRAPPER_EXTENSION = app;
			};
			name = Debug;
		};
		89D6B48B18C91F0C006465EC /* Release */ = {
			isa = XCBuildConfiguration;
			buildSettings = {
				ASSETCATALOG_COMPILER_APPICON_NAME = AppIcon;
				COMBINE_HIDPI_IMAGES = YES;
				GCC_PRECOMPILE_PREFIX_HEADER = YES;
				GCC_PREFIX_HEADER = "Screen Capture/Screen Capture-Prefix.pch";
				INFOPLIST_FILE = "Screen Capture/Screen Capture-Info.plist";
				MACOSX_DEPLOYMENT_TARGET = 10.13;
				PRODUCT_NAME = "$(TARGET_NAME)";
				WRAPPER_EXTENSION = app;
			};
			name = Release;
		};
		89D6B48D18C91F0C006465EC /* Debug */ = {
			isa = XCBuildConfiguration;
			buildSettings = {
				BUNDLE_LOADER = "$(BUILT_PRODUCTS_DIR)/Screen Capture.app/Contents/MacOS/Screen Capture";
				COMBINE_HIDPI_IMAGES = YES;
				FRAMEWORK_SEARCH_PATHS = (
					"$(DEVELOPER_FRAMEWORKS_DIR)",
					"$(inherited)",
				);
				GCC_PRECOMPILE_PREFIX_HEADER = YES;
				GCC_PREFIX_HEADER = "Screen Capture/Screen Capture-Prefix.pch";
				GCC_PREPROCESSOR_DEFINITIONS = (
					"DEBUG=1",
					"$(inherited)",
				);
				INFOPLIST_FILE = "Screen CaptureTests/Screen CaptureTests-Info.plist";
				PRODUCT_NAME = "$(TARGET_NAME)";
				TEST_HOST = "$(BUNDLE_LOADER)";
				WRAPPER_EXTENSION = xctest;
			};
			name = Debug;
		};
		89D6B48E18C91F0C006465EC /* Release */ = {
			isa = XCBuildConfiguration;
			buildSettings = {
				BUNDLE_LOADER = "$(BUILT_PRODUCTS_DIR)/Screen Capture.app/Contents/MacOS/Screen Capture";
				COMBINE_HIDPI_IMAGES = YES;
				FRAMEWORK_SEARCH_PATHS = (
					"$(DEVELOPER_FRAMEWORKS_DIR)",
					"$(inherited)",
				);
				GCC_PRECOMPILE_PREFIX_HEADER = YES;
				GCC_PREFIX_HEADER = "Screen Capture/Screen Capture-Prefix.pch";
				INFOPLIST_FILE = "Screen CaptureTests/Screen CaptureTests-Info.plist";
				PRODUCT_NAME = "$(TARGET_NAME)";
				TEST_HOST = "$(BUNDLE_LOADER)";
				WRAPPER_EXTENSION = xctest;
			};
			name = Release;
		};
		89DC066B2225F5180025550B /* Debug */ = {
			isa = XCBuildConfiguration;
			buildSettings = {
				CODE_SIGN_STYLE = Automatic;
				DEVELOPMENT_TEAM = MZ25PHMY7Y;
				PRODUCT_NAME = "$(TARGET_NAME)";
			};
			name = Debug;
		};
		89DC066C2225F5180025550B /* Release */ = {
			isa = XCBuildConfiguration;
			buildSettings = {
				CODE_SIGN_STYLE = Automatic;
				DEVELOPMENT_TEAM = MZ25PHMY7Y;
				PRODUCT_NAME = "$(TARGET_NAME)";
			};
			name = Release;
		};
/* End XCBuildConfiguration section */

/* Begin XCConfigurationList section */
		89D6B45318C91F0C006465EC /* Build configuration list for PBXProject "Screen Capture" */ = {
			isa = XCConfigurationList;
			buildConfigurations = (
				89D6B48718C91F0C006465EC /* Debug */,
				89D6B48818C91F0C006465EC /* Release */,
			);
			defaultConfigurationIsVisible = 0;
			defaultConfigurationName = Release;
		};
		89D6B48918C91F0C006465EC /* Build configuration list for PBXNativeTarget "Screen Capture" */ = {
			isa = XCConfigurationList;
			buildConfigurations = (
				89D6B48A18C91F0C006465EC /* Debug */,
				89D6B48B18C91F0C006465EC /* Release */,
			);
			defaultConfigurationIsVisible = 0;
			defaultConfigurationName = Release;
		};
		89D6B48C18C91F0C006465EC /* Build configuration list for PBXNativeTarget "Screen CaptureTests" */ = {
			isa = XCConfigurationList;
			buildConfigurations = (
				89D6B48D18C91F0C006465EC /* Debug */,
				89D6B48E18C91F0C006465EC /* Release */,
			);
			defaultConfigurationIsVisible = 0;
			defaultConfigurationName = Release;
		};
		89DC066A2225F5180025550B /* Build configuration list for PBXAggregateTarget "Lint" */ = {
			isa = XCConfigurationList;
			buildConfigurations = (
				89DC066B2225F5180025550B /* Debug */,
				89DC066C2225F5180025550B /* Release */,
			);
			defaultConfigurationIsVisible = 0;
			defaultConfigurationName = Release;
		};
/* End XCConfigurationList section */
	};
	rootObject = 89D6B45018C91F0C006465EC /* Project object */;
}
